// !$*UTF8*$!
{
	archiveVersion = 1;
	classes = {
	};
	objectVersion = 77;
	objects = {

/* Begin PBXBuildFile section */
		0F96044DCE14B97BA0DA6774 /* HandTrackingService.swift in Sources */ = {isa = PBXBuildFile; fileRef = 85B3EDB0CE5053612FD53C89 /* HandTrackingService.swift */; };
		377CF289593726B5293A90B0 /* TeleopViewModel.swift in Sources */ = {isa = PBXBuildFile; fileRef = 2A3080C1EA97EBB1D0F73885 /* TeleopViewModel.swift */; };
		8605387E562DED82A420771D /* Go2TeleopVisionApp.swift in Sources */ = {isa = PBXBuildFile; fileRef = E415699F86156E844835A454 /* Go2TeleopVisionApp.swift */; };
		AD374B37327CBA52C7704B21 /* ContentView.swift in Sources */ = {isa = PBXBuildFile; fileRef = 6A1912514B3A8A2CC164AA54 /* ContentView.swift */; };
		C34470A3CD69FCA24CEBA4CE /* TeleopSocketClient.swift in Sources */ = {isa = PBXBuildFile; fileRef = B8E6412A9A875423A724E621 /* TeleopSocketClient.swift */; };
		F9E89B8BCE794204BEFDDBC4 /* TeleopModels.swift in Sources */ = {isa = PBXBuildFile; fileRef = E9CE42C940277FABA0462F6F /* TeleopModels.swift */; };
/* End PBXBuildFile section */

/* Begin PBXFileReference section */
		2A3080C1EA97EBB1D0F73885 /* TeleopViewModel.swift */ = {isa = PBXFileReference; lastKnownFileType = sourcecode.swift; path = TeleopViewModel.swift; sourceTree = "<group>"; };
		6A1912514B3A8A2CC164AA54 /* ContentView.swift */ = {isa = PBXFileReference; lastKnownFileType = sourcecode.swift; path = ContentView.swift; sourceTree = "<group>"; };
		85B3EDB0CE5053612FD53C89 /* HandTrackingService.swift */ = {isa = PBXFileReference; lastKnownFileType = sourcecode.swift; path = HandTrackingService.swift; sourceTree = "<group>"; };
		B8E6412A9A875423A724E621 /* TeleopSocketClient.swift */ = {isa = PBXFileReference; lastKnownFileType = sourcecode.swift; path = TeleopSocketClient.swift; sourceTree = "<group>"; };
		C35DA37BF4A6BA75F71C7F9E /* Go2TeleopVision.app */ = {isa = PBXFileReference; explicitFileType = wrapper.application; includeInIndex = 0; path = Go2TeleopVision.app; sourceTree = BUILT_PRODUCTS_DIR; };
		E415699F86156E844835A454 /* Go2TeleopVisionApp.swift */ = {isa = PBXFileReference; lastKnownFileType = sourcecode.swift; path = Go2TeleopVisionApp.swift; sourceTree = "<group>"; };
		E9CE42C940277FABA0462F6F /* TeleopModels.swift */ = {isa = PBXFileReference; lastKnownFileType = sourcecode.swift; path = TeleopModels.swift; sourceTree = "<group>"; };
/* End PBXFileReference section */

/* Begin PBXGroup section */
		50582ADEA6229D8AE2D13B19 /* Go2TeleopVision */ = {
			isa = PBXGroup;
			children = (
				E415699F86156E844835A454 /* Go2TeleopVisionApp.swift */,
				AB2DA92E4B479A8FA23FB98D /* Models */,
				723B8F5E018AD4081122A695 /* Networking */,
				C862111C498953AC3F965C2A /* Tracking */,
				8F997B69C8A278CADCC5FE83 /* ViewModels */,
				792C52BA45D007BDBD8DEB0C /* Views */,
			);
			path = Go2TeleopVision;
			sourceTree = "<group>";
		};
		668EA85268A16726409D62E0 /* Products */ = {
			isa = PBXGroup;
			children = (
				C35DA37BF4A6BA75F71C7F9E /* Go2TeleopVision.app */,
			);
			name = Products;
			sourceTree = "<group>";
		};
		723B8F5E018AD4081122A695 /* Networking */ = {
			isa = PBXGroup;
			children = (
				B8E6412A9A875423A724E621 /* TeleopSocketClient.swift */,
			);
			path = Networking;
			sourceTree = "<group>";
		};
		792C52BA45D007BDBD8DEB0C /* Views */ = {
			isa = PBXGroup;
			children = (
				6A1912514B3A8A2CC164AA54 /* ContentView.swift */,
			);
			path = Views;
			sourceTree = "<group>";
		};
		7A511F0CE0C8623CACC4AB79 /* Sources */ = {
			isa = PBXGroup;
			children = (
				50582ADEA6229D8AE2D13B19 /* Go2TeleopVision */,
			);
			path = Sources;
			sourceTree = "<group>";
		};
		8004881535695E896638738F = {
			isa = PBXGroup;
			children = (
				7A511F0CE0C8623CACC4AB79 /* Sources */,
				668EA85268A16726409D62E0 /* Products */,
			);
			sourceTree = "<group>";
		};
		8F997B69C8A278CADCC5FE83 /* ViewModels */ = {
			isa = PBXGroup;
			children = (
				2A3080C1EA97EBB1D0F73885 /* TeleopViewModel.swift */,
			);
			path = ViewModels;
			sourceTree = "<group>";
		};
		AB2DA92E4B479A8FA23FB98D /* Models */ = {
			isa = PBXGroup;
			children = (
				E9CE42C940277FABA0462F6F /* TeleopModels.swift */,
			);
			path = Models;
			sourceTree = "<group>";
		};
		C862111C498953AC3F965C2A /* Tracking */ = {
			isa = PBXGroup;
			children = (
				85B3EDB0CE5053612FD53C89 /* HandTrackingService.swift */,
			);
			path = Tracking;
			sourceTree = "<group>";
		};
/* End PBXGroup section */

/* Begin PBXNativeTarget section */
		97184532A92AB409482B8697 /* Go2TeleopVision */ = {
			isa = PBXNativeTarget;
			buildConfigurationList = AFB72E4F79E880F32EFE281B /* Build configuration list for PBXNativeTarget "Go2TeleopVision" */;
			buildPhases = (
				462AF86DFF1BA9E85EFD5CEB /* Sources */,
			);
			buildRules = (
			);
			dependencies = (
			);
			name = Go2TeleopVision;
			packageProductDependencies = (
			);
			productName = Go2TeleopVision;
			productReference = C35DA37BF4A6BA75F71C7F9E /* Go2TeleopVision.app */;
			productType = "com.apple.product-type.application";
		};
/* End PBXNativeTarget section */

/* Begin PBXProject section */
		13E500068B9E77347C629702 /* Project object */ = {
			isa = PBXProject;
			attributes = {
				BuildIndependentTargetsInParallel = YES;
				LastUpgradeCheck = 1430;
			};
			buildConfigurationList = D5E589FF64F149EE28910CF6 /* Build configuration list for PBXProject "Go2TeleopVision" */;
			developmentRegion = en;
			hasScannedForEncodings = 0;
			knownRegions = (
				Base,
				en,
			);
			mainGroup = 8004881535695E896638738F;
			minimizedProjectReferenceProxies = 1;
			preferredProjectObjectVersion = 77;
			productRefGroup = 668EA85268A16726409D62E0 /* Products */;
			projectDirPath = "";
			projectRoot = "";
			targets = (
				97184532A92AB409482B8697 /* Go2TeleopVision */,
			);
		};
/* End PBXProject section */

/* Begin PBXSourcesBuildPhase section */
		462AF86DFF1BA9E85EFD5CEB /* Sources */ = {
			isa = PBXSourcesBuildPhase;
			buildActionMask = 2147483647;
			files = (
				AD374B37327CBA52C7704B21 /* ContentView.swift in Sources */,
				8605387E562DED82A420771D /* Go2TeleopVisionApp.swift in Sources */,
				0F96044DCE14B97BA0DA6774 /* HandTrackingService.swift in Sources */,
				F9E89B8BCE794204BEFDDBC4 /* TeleopModels.swift in Sources */,
				C34470A3CD69FCA24CEBA4CE /* TeleopSocketClient.swift in Sources */,
				377CF289593726B5293A90B0 /* TeleopViewModel.swift in Sources */,
			);
			runOnlyForDeploymentPostprocessing = 0;
		};
/* End PBXSourcesBuildPhase section */

/* Begin XCBuildConfiguration section */
		89D633C80527C6F38463BCFE /* Release */ = {
			isa = XCBuildConfiguration;
			buildSettings = {
				ASSETCATALOG_COMPILER_APPICON_NAME = AppIcon;
				ASSETCATALOG_COMPILER_INCLUDE_ALL_APPICON_ASSETS = NO;
				DEVELOPMENT_TEAM = ZZ5RF4AK96;
				GENERATE_INFOPLIST_FILE = YES;
				INFOPLIST_KEY_NSAppTransportSecurity_NSAllowsLocalNetworking = YES;
				INFOPLIST_KEY_CFBundleDisplayName = Go2TeleopVision;
				INFOPLIST_KEY_NSHandsTrackingUsageDescription = "Hand tracking is used to teleoperate Unitree Go2.";
				INFOPLIST_KEY_NSLocalNetworkUsageDescription = "Go2TeleopVision connects to a local Go2 teleop backend on your network.";
				INFOPLIST_KEY_UIApplicationSupportsIndirectInputEvents = YES;
				LD_RUNPATH_SEARCH_PATHS = (
					"$(inherited)",
					"@executable_path/Frameworks",
				);
				PRODUCT_BUNDLE_IDENTIFIER = com.unitree.go2teleopvision;
				PRODUCT_NAME = Go2TeleopVision;
				SDKROOT = xros;
				TARGETED_DEVICE_FAMILY = 7;
				XROS_DEPLOYMENT_TARGET = 2.6;
			};
			name = Release;
		};
		BF1E3F358D7110368E7278D5 /* Release */ = {
			isa = XCBuildConfiguration;
			buildSettings = {
				ALWAYS_SEARCH_USER_PATHS = NO;
				CLANG_ANALYZER_NONNULL = YES;
				CLANG_ANALYZER_NUMBER_OBJECT_CONVERSION = YES_AGGRESSIVE;
				CLANG_CXX_LANGUAGE_STANDARD = "gnu++14";
				CLANG_CXX_LIBRARY = "libc++";
				CLANG_ENABLE_MODULES = YES;
				CLANG_ENABLE_OBJC_ARC = YES;
				CLANG_ENABLE_OBJC_WEAK = YES;
				CLANG_WARN_BLOCK_CAPTURE_AUTORELEASING = YES;
				CLANG_WARN_BOOL_CONVERSION = YES;
				CLANG_WARN_COMMA = YES;
				CLANG_WARN_CONSTANT_CONVERSION = YES;
				CLANG_WARN_DEPRECATED_OBJC_IMPLEMENTATIONS = YES;
				CLANG_WARN_DIRECT_OBJC_ISA_USAGE = YES_ERROR;
				CLANG_WARN_DOCUMENTATION_COMMENTS = YES;
				CLANG_WARN_EMPTY_BODY = YES;
				CLANG_WARN_ENUM_CONVERSION = YES;
				CLANG_WARN_INFINITE_RECURSION = YES;
				CLANG_WARN_INT_CONVERSION = YES;
				CLANG_WARN_NON_LITERAL_NULL_CONVERSION = YES;
				CLANG_WARN_OBJC_IMPLICIT_RETAIN_SELF = YES;
				CLANG_WARN_OBJC_LITERAL_CONVERSION = YES;
				CLANG_WARN_OBJC_ROOT_CLASS = YES_ERROR;
				CLANG_WARN_QUOTED_INCLUDE_IN_FRAMEWORK_HEADER = YES;
				CLANG_WARN_RANGE_LOOP_ANALYSIS = YES;
				CLANG_WARN_STRICT_PROTOTYPES = YES;
				CLANG_WARN_SUSPICIOUS_MOVE = YES;
				CLANG_WARN_UNGUARDED_AVAILABILITY = YES_AGGRESSIVE;
				CLANG_WARN_UNREACHABLE_CODE = YES;
				CLANG_WARN__DUPLICATE_METHOD_MATCH = YES;
				COPY_PHASE_STRIP = NO;
				CURRENT_PROJECT_VERSION = 1;
				DEBUG_INFORMATION_FORMAT = "dwarf-with-dsym";
				ENABLE_NS_ASSERTIONS = NO;
				ENABLE_STRICT_OBJC_MSGSEND = YES;
				GCC_C_LANGUAGE_STANDARD = gnu11;
				GCC_NO_COMMON_BLOCKS = YES;
				GCC_WARN_64_TO_32_BIT_CONVERSION = YES;
				GCC_WARN_ABOUT_RETURN_TYPE = YES_ERROR;
				GCC_WARN_UNDECLARED_SELECTOR = YES;
				GCC_WARN_UNINITIALIZED_AUTOS = YES_AGGRESSIVE;
				GCC_WARN_UNUSED_FUNCTION = YES;
				GCC_WARN_UNUSED_VARIABLE = YES;
				MARKETING_VERSION = 1.0;
				MTL_ENABLE_DEBUG_INFO = NO;
				MTL_FAST_MATH = YES;
				PRODUCT_NAME = "$(TARGET_NAME)";
				SDKROOT = xros;
				SWIFT_COMPILATION_MODE = wholemodule;
				SWIFT_OPTIMIZATION_LEVEL = "-O";
				SWIFT_VERSION = 5.1;
			};
			name = Release;
		};
		DA482A1048AEC96CBEB6E5BB /* Debug */ = {
			isa = XCBuildConfiguration;
			buildSettings = {
				ALWAYS_SEARCH_USER_PATHS = NO;
				CLANG_ANALYZER_NONNULL = YES;
				CLANG_ANALYZER_NUMBER_OBJECT_CONVERSION = YES_AGGRESSIVE;
				CLANG_CXX_LANGUAGE_STANDARD = "gnu++14";
				CLANG_CXX_LIBRARY = "libc++";
				CLANG_ENABLE_MODULES = YES;
				CLANG_ENABLE_OBJC_ARC = YES;
				CLANG_ENABLE_OBJC_WEAK = YES;
				CLANG_WARN_BLOCK_CAPTURE_AUTORELEASING = YES;
				CLANG_WARN_BOOL_CONVERSION = YES;
				CLANG_WARN_COMMA = YES;
				CLANG_WARN_CONSTANT_CONVERSION = YES;
				CLANG_WARN_DEPRECATED_OBJC_IMPLEMENTATIONS = YES;
				CLANG_WARN_DIRECT_OBJC_ISA_USAGE = YES_ERROR;
				CLANG_WARN_DOCUMENTATION_COMMENTS = YES;
				CLANG_WARN_EMPTY_BODY = YES;
				CLANG_WARN_ENUM_CONVERSION = YES;
				CLANG_WARN_INFINITE_RECURSION = YES;
				CLANG_WARN_INT_CONVERSION = YES;
				CLANG_WARN_NON_LITERAL_NULL_CONVERSION = YES;
				CLANG_WARN_OBJC_IMPLICIT_RETAIN_SELF = YES;
				CLANG_WARN_OBJC_LITERAL_CONVERSION = YES;
				CLANG_WARN_OBJC_ROOT_CLASS = YES_ERROR;
				CLANG_WARN_QUOTED_INCLUDE_IN_FRAMEWORK_HEADER = YES;
				CLANG_WARN_RANGE_LOOP_ANALYSIS = YES;
				CLANG_WARN_STRICT_PROTOTYPES = YES;
				CLANG_WARN_SUSPICIOUS_MOVE = YES;
				CLANG_WARN_UNGUARDED_AVAILABILITY = YES_AGGRESSIVE;
				CLANG_WARN_UNREACHABLE_CODE = YES;
				CLANG_WARN__DUPLICATE_METHOD_MATCH = YES;
				COPY_PHASE_STRIP = NO;
				CURRENT_PROJECT_VERSION = 1;
				DEBUG_INFORMATION_FORMAT = dwarf;
				ENABLE_STRICT_OBJC_MSGSEND = YES;
				ENABLE_TESTABILITY = YES;
				GCC_C_LANGUAGE_STANDARD = gnu11;
				GCC_DYNAMIC_NO_PIC = NO;
				GCC_NO_COMMON_BLOCKS = YES;
				GCC_OPTIMIZATION_LEVEL = 0;
				GCC_PREPROCESSOR_DEFINITIONS = (
					"$(inherited)",
					"DEBUG=1",
				);
				GCC_WARN_64_TO_32_BIT_CONVERSION = YES;
				GCC_WARN_ABOUT_RETURN_TYPE = YES_ERROR;
				GCC_WARN_UNDECLARED_SELECTOR = YES;
				GCC_WARN_UNINITIALIZED_AUTOS = YES_AGGRESSIVE;
				GCC_WARN_UNUSED_FUNCTION = YES;
				GCC_WARN_UNUSED_VARIABLE = YES;
				MARKETING_VERSION = 1.0;
				MTL_ENABLE_DEBUG_INFO = INCLUDE_SOURCE;
				MTL_FAST_MATH = YES;
				ONLY_ACTIVE_ARCH = YES;
				PRODUCT_NAME = "$(TARGET_NAME)";
				SDKROOT = xros;
				SWIFT_ACTIVE_COMPILATION_CONDITIONS = DEBUG;
				SWIFT_OPTIMIZATION_LEVEL = "-Onone";
				SWIFT_VERSION = 5.1;
			};
			name = Debug;
		};
		E42FE00BC80817B2E4680241 /* Debug */ = {
			isa = XCBuildConfiguration;
			buildSettings = {
				ASSETCATALOG_COMPILER_APPICON_NAME = AppIcon;
				ASSETCATALOG_COMPILER_INCLUDE_ALL_APPICON_ASSETS = NO;
				DEVELOPMENT_TEAM = ZZ5RF4AK96;
				GENERATE_INFOPLIST_FILE = YES;
				INFOPLIST_KEY_NSAppTransportSecurity_NSAllowsLocalNetworking = YES;
				INFOPLIST_KEY_CFBundleDisplayName = Go2TeleopVision;
				INFOPLIST_KEY_NSHandsTrackingUsageDescription = "Hand tracking is used to teleoperate Unitree Go2.";
				INFOPLIST_KEY_NSLocalNetworkUsageDescription = "Go2TeleopVision connects to a local Go2 teleop backend on your network.";
				INFOPLIST_KEY_UIApplicationSupportsIndirectInputEvents = YES;
				LD_RUNPATH_SEARCH_PATHS = (
					"$(inherited)",
					"@executable_path/Frameworks",
				);
				PRODUCT_BUNDLE_IDENTIFIER = com.unitree.go2teleopvision;
				PRODUCT_NAME = Go2TeleopVision;
				SDKROOT = xros;
				TARGETED_DEVICE_FAMILY = 7;
				XROS_DEPLOYMENT_TARGET = 2.6;
			};
			name = Debug;
		};
/* End XCBuildConfiguration section */

/* Begin XCConfigurationList section */
		AFB72E4F79E880F32EFE281B /* Build configuration list for PBXNativeTarget "Go2TeleopVision" */ = {
			isa = XCConfigurationList;
			buildConfigurations = (
				E42FE00BC80817B2E4680241 /* Debug */,
				89D633C80527C6F38463BCFE /* Release */,
			);
			defaultConfigurationIsVisible = 0;
			defaultConfigurationName = Debug;
		};
		D5E589FF64F149EE28910CF6 /* Build configuration list for PBXProject "Go2TeleopVision" */ = {
			isa = XCConfigurationList;
			buildConfigurations = (
				DA482A1048AEC96CBEB6E5BB /* Debug */,
				BF1E3F358D7110368E7278D5 /* Release */,
			);
			defaultConfigurationIsVisible = 0;
			defaultConfigurationName = Debug;
		};
/* End XCConfigurationList section */
	};
	rootObject = 13E500068B9E77347C629702 /* Project object */;
}
